
Microsoft Visual Studio Solution File, Format Version 12.00
# Visual Studio 2012
Project("{FAE04EC0-301F-11D3-BF4B-00C04F79EFBD}") = "edge-py-coreclr", "src\edge-py-coreclr\edge-py-coreclr.csproj", "{C64EE1C0-8A26-426E-B955-B46BC6C13055}"
EndProject
Project("{FAE04EC0-301F-11D3-BF4B-00C04F79EFBC}") = "edge-py", "src\edge-py\edge-py.csproj", "{3543DE8E-DA18-44DF-BB7F-255616EE7B43}"
EndProject
Global
	GlobalSection(SolutionConfigurationPlatforms) = preSolution
		Debug|Any CPU = Debug|Any CPU
		Release|Any CPU = Release|Any CPU
	EndGlobalSection
	GlobalSection(ProjectConfigurationPlatforms) = postSolution
		{C64EE1C0-8A26-426E-B955-B46BC6C13055}.Debug|Any CPU.ActiveCfg = Debug|Any CPU
		{C64EE1C0-8A26-426E-B955-B46BC6C13055}.Debug|Any CPU.Build.0 = Debug|Any CPU
		{C64EE1C0-8A26-426E-B955-B46BC6C13055}.Release|Any CPU.ActiveCfg = Release|Any CPU
		{C64EE1C0-8A26-426E-B955-B46BC6C13055}.Release|Any CPU.Build.0 = Release|Any CPU
		{3543DE8E-DA18-44DF-BB7F-255616EE7B43}.Debug|Any CPU.ActiveCfg = Debug|Any CPU
		{3543DE8E-DA18-44DF-BB7F-255616EE7B43}.Debug|Any CPU.Build.0 = Debug|Any CPU
		{3543DE8E-DA18-44DF-BB7F-255616EE7B43}.Release|Any CPU.ActiveCfg = Release|Any CPU
		{3543DE8E-DA18-44DF-BB7F-255616EE7B43}.Release|Any CPU.Build.0 = Release|Any CPU
	EndGlobalSection
	GlobalSection(SolutionProperties) = preSolution
		HideSolutionNode = FALSE
	EndGlobalSection
EndGlobal
